
Microsoft Visual Studio Solution File, Format Version 12.00
# Visual Studio Version 17
VisualStudioVersion = 17.0.32126.317
MinimumVisualStudioVersion = 10.0.40219.1
Project("{FAE04EC0-301F-11D3-BF4B-00C04F79EFBC}") = "RedisGuiManager", "RedisGuiManager.csproj", "{3CDB7EA4-2345-4FCD-91AB-12E246B4D3FE}"
EndProject
Global
	GlobalSection(SolutionConfigurationPlatforms) = preSolution
		Debug|Any CPU = Debug|Any CPU
		Debug|x64 = Debug|x64
		Release|Any CPU = Release|Any CPU
		Release|x64 = Release|x64
	EndGlobalSection
	GlobalSection(ProjectConfigurationPlatforms) = postSolution
		{3CDB7EA4-2345-4FCD-91AB-12E246B4D3FE}.Debug|Any CPU.ActiveCfg = Debug|Any CPU
		{3CDB7EA4-2345-4FCD-91AB-12E246B4D3FE}.Debug|Any CPU.Build.0 = Debug|Any CPU
		{3CDB7EA4-2345-4FCD-91AB-12E246B4D3FE}.Debug|x64.ActiveCfg = Debug|x64
		{3CDB7EA4-2345-4FCD-91AB-12E246B4D3FE}.Debug|x64.Build.0 = Debug|x64
		{3CDB7EA4-2345-4FCD-91AB-12E246B4D3FE}.Release|Any CPU.ActiveCfg = Release|Any CPU
		{3CDB7EA4-2345-4FCD-91AB-12E246B4D3FE}.Release|Any CPU.Build.0 = Release|Any CPU
		{3CDB7EA4-2345-4FCD-91AB-12E246B4D3FE}.Release|x64.ActiveCfg = Release|x64
		{3CDB7EA4-2345-4FCD-91AB-12E246B4D3FE}.Release|x64.Build.0 = Release|x64
	EndGlobalSection
	GlobalSection(SolutionProperties) = preSolution
		HideSolutionNode = FALSE
	EndGlobalSection
	GlobalSection(ExtensibilityGlobals) = postSolution
		SolutionGuid = {BF4FFBEA-4C19-4A9A-BED6-BC3DC31247A8}
	EndGlobalSection
EndGlobal
